
Microsoft Visual Studio Solution File, Format Version 12.00
# Visual Studio Version 17
VisualStudioVersion = 17.4.33403.182
MinimumVisualStudioVersion = 10.0.40219.1
Project("{FAE04EC0-301F-11D3-BF4B-00C04F79EFBC}") = "Laba9_GenericInheritance", "Laba9_GenericInheritance\Laba9_GenericInheritance.csproj", "{B1C98016-5F76-458F-804C-16DC9DB20F61}"
EndProject
Global
	GlobalSection(SolutionConfigurationPlatforms) = preSolution
		Debug|Any CPU = Debug|Any CPU
		Release|Any CPU = Release|Any CPU
	EndGlobalSection
	GlobalSection(ProjectConfigurationPlatforms) = postSolution
		{B1C98016-5F76-458F-804C-16DC9DB20F61}.Debug|Any CPU.ActiveCfg = Debug|Any CPU
		{B1C98016-5F76-458F-804C-16DC9DB20F61}.Debug|Any CPU.Build.0 = Debug|Any CPU
		{B1C98016-5F76-458F-804C-16DC9DB20F61}.Release|Any CPU.ActiveCfg = Release|Any CPU
		{B1C98016-5F76-458F-804C-16DC9DB20F61}.Release|Any CPU.Build.0 = Release|Any CPU
	EndGlobalSection
	GlobalSection(SolutionProperties) = preSolution
		HideSolutionNode = FALSE
	EndGlobalSection
	GlobalSection(ExtensibilityGlobals) = postSolution
		SolutionGuid = {45A2779D-3276-410C-B453-6FFA23EE2055}
	EndGlobalSection
EndGlobal
